{
    "_readme": [
        "This file locks the dependencies of your project to a known state",
        "Read more about it at http://getcomposer.org/doc/01-basic-usage.md#composer-lock-the-lock-file",
        "This file is @generated automatically"
    ],
    "hash": "550f1e1eb315fc8159def5c63d4274b6",
    "packages": [
        {
            "name": "egeloen/http-adapter",
            "version": "0.8.0",
            "source": {
                "type": "git",
                "url": "https://github.com/egeloen/ivory-http-adapter.git",
                "reference": "9641f11487ec26b24c6bbcee4f267cf62f60b855"
            },
            "dist": {
                "type": "zip",
                "url": "https://api.github.com/repos/egeloen/ivory-http-adapter/zipball/9641f11487ec26b24c6bbcee4f267cf62f60b855",
                "reference": "9641f11487ec26b24c6bbcee4f267cf62f60b855",
                "shasum": ""
            },
            "require": {
                "php": ">=5.4.8",
                "zendframework/zend-diactoros": "^1.1"
            },
            "require-dev": {
                "cakephp/cakephp": "^3.0.3",
                "ext-curl": "*",
                "guzzle/guzzle": "^3.9.4@dev",
                "guzzlehttp/guzzle": "^4.1.4|^5.0|^6.0",
                "kriswallsmith/buzz": "^0.13",
                "nategood/httpful": "^0.2.17",
                "phpunit/phpunit": "^4.0",
                "phpunit/phpunit-mock-objects": "dev-matcher-verify as 2.3.x-dev",
                "psr/log": "^1.0",
                "react/dns": "^0.4.1",
                "react/http-client": "^0.4",
                "satooshi/php-coveralls": "^0.6",
                "symfony/event-dispatcher": "^2.0",
                "zendframework/zend-http": "^2.3.4",
                "zendframework/zendframework1": ">=1.12.9,<=1.12.14|^1.12.16"
            },
            "suggest": {
                "ext-curl": "Allows you to use the cURL adapter",
                "ext-http": "Allows you to use the PECL adapter",
                "guzzle/guzzle": "Allows you to use the Guzzle 3 adapter",
                "guzzlehttp/guzzle": "Allows you to use the Guzzle 4 adapter",
                "kriswallsmith/buzz": "Allows you to use the Buzz adapter",
                "nategood/httpful": "Allows you to use the httpful adapter",
                "psr/log": "Allows you to use the logger event subscriber",
                "symfony/event-dispatcher": "Allows you to use the event lifecycle",
                "symfony/stopwatch": "Allows you to use the stopwatch http adapter and event subscriber",
                "zendframework/zend-http": "Allows you to use the Zend 2 adapter",
                "zendframework/zendframework1": "Allows you to use the Zend 1 adapter"
            },
            "type": "library",
            "extra": {
                "branch-alias": {
                    "dev-master": "0.8-dev"
                }
            },
            "autoload": {
                "psr-4": {
                    "Ivory\\HttpAdapter\\": "src/"
                }
            },
            "notification-url": "https://packagist.org/downloads/",
            "license": [
                "MIT"
            ],
            "authors": [
                {
                    "name": "Eric GELOEN",
                    "email": "geloen.eric@gmail.com"
                }
            ],
            "description": "Issue HTTP request for PHP 5.3+.",
            "keywords": [
                "http",
                "http-adapter",
                "http-client",
                "psr-7"
            ],
            "time": "2015-08-12 09:35:40"
        },
        {
            "name": "prismic/php-sdk",
            "version": "1.7.0",
            "source": {
                "type": "git",
                "url": "https://github.com/prismicio/php-kit.git",
                "reference": "683c0dc67f2b6d41165074e8a5e2bec16dbf9704"
            },
            "dist": {
                "type": "zip",
                "url": "https://api.github.com/repos/prismicio/php-kit/zipball/683c0dc67f2b6d41165074e8a5e2bec16dbf9704",
                "reference": "683c0dc67f2b6d41165074e8a5e2bec16dbf9704",
                "shasum": ""
            },
            "require": {
                "egeloen/http-adapter": "~0.8.0",
                "ext-curl": "*",
                "ext-json": "*",
                "ext-mbstring": "*",
                "php": ">=5.3.3",
                "symfony/event-dispatcher": "~2.0"
            },
            "require-dev": {
                "codeclimate/php-test-reporter": "dev-master",
                "phpdocumentor/phpdocumentor": "2.*",
                "phpunit/phpunit": "~4.1"
            },
            "type": "library",
            "extra": {
                "branch-alias": {
                    "dev-master": "1.0.x-dev"
                }
            },
            "autoload": {
                "psr-0": {
                    "": "src/"
                }
            },
            "notification-url": "https://packagist.org/downloads/",
            "license": [
                "Apache 2 license"
            ],
            "description": "PHP development kit for prismic.io",
            "time": "2015-11-23 12:43:17"
        },
        {
            "name": "psr/http-message",
            "version": "1.0",
            "source": {
                "type": "git",
                "url": "https://github.com/php-fig/http-message.git",
                "reference": "85d63699f0dbedb190bbd4b0d2b9dc707ea4c298"
            },
            "dist": {
                "type": "zip",
                "url": "https://api.github.com/repos/php-fig/http-message/zipball/85d63699f0dbedb190bbd4b0d2b9dc707ea4c298",
                "reference": "85d63699f0dbedb190bbd4b0d2b9dc707ea4c298",
                "shasum": ""
            },
            "require": {
                "php": ">=5.3.0"
            },
            "type": "library",
            "extra": {
                "branch-alias": {
                    "dev-master": "1.0.x-dev"
                }
            },
            "autoload": {
                "psr-4": {
                    "Psr\\Http\\Message\\": "src/"
                }
            },
            "notification-url": "https://packagist.org/downloads/",
            "license": [
                "MIT"
            ],
            "authors": [
                {
                    "name": "PHP-FIG",
                    "homepage": "http://www.php-fig.org/"
                }
            ],
            "description": "Common interface for HTTP messages",
            "keywords": [
                "http",
                "http-message",
                "psr",
                "psr-7",
                "request",
                "response"
            ],
            "time": "2015-05-04 20:22:00"
        },
        {
            "name": "symfony/event-dispatcher",
            "version": "v2.7.7",
            "source": {
                "type": "git",
                "url": "https://github.com/symfony/event-dispatcher.git",
                "reference": "7e2f9c31645680026c2372edf66f863fc7757af5"
            },
            "dist": {
                "type": "zip",
                "url": "https://api.github.com/repos/symfony/event-dispatcher/zipball/7e2f9c31645680026c2372edf66f863fc7757af5",
                "reference": "7e2f9c31645680026c2372edf66f863fc7757af5",
                "shasum": ""
            },
            "require": {
                "php": ">=5.3.9"
            },
            "require-dev": {
                "psr/log": "~1.0",
                "symfony/config": "~2.0,>=2.0.5",
                "symfony/dependency-injection": "~2.6",
                "symfony/expression-language": "~2.6",
                "symfony/stopwatch": "~2.3"
            },
            "suggest": {
                "symfony/dependency-injection": "",
                "symfony/http-kernel": ""
            },
            "type": "library",
            "extra": {
                "branch-alias": {
                    "dev-master": "2.7-dev"
                }
            },
            "autoload": {
                "psr-4": {
                    "Symfony\\Component\\EventDispatcher\\": ""
                },
                "exclude-from-classmap": [
                    "/Tests/"
                ]
            },
            "notification-url": "https://packagist.org/downloads/",
            "license": [
                "MIT"
            ],
            "authors": [
                {
                    "name": "Fabien Potencier",
                    "email": "fabien@symfony.com"
                },
                {
                    "name": "Symfony Community",
                    "homepage": "https://symfony.com/contributors"
                }
            ],
            "description": "Symfony EventDispatcher Component",
            "homepage": "https://symfony.com",
            "time": "2015-10-30 20:10:21"
        },
        {
            "name": "zendframework/zend-diactoros",
            "version": "1.1.4",
            "source": {
                "type": "git",
                "url": "https://github.com/zendframework/zend-diactoros.git",
                "reference": "3f0ce6c0ba2106e018fb514a9f09dbb91eb6bfd0"
            },
            "dist": {
                "type": "zip",
                "url": "https://api.github.com/repos/zendframework/zend-diactoros/zipball/3f0ce6c0ba2106e018fb514a9f09dbb91eb6bfd0",
                "reference": "3f0ce6c0ba2106e018fb514a9f09dbb91eb6bfd0",
                "shasum": ""
            },
            "require": {
                "php": ">=5.4",
                "psr/http-message": "~1.0"
            },
            "provide": {
                "psr/http-message-implementation": "~1.0.0"
            },
            "require-dev": {
                "phpunit/phpunit": "~4.6",
                "squizlabs/php_codesniffer": "^2.3.1"
            },
            "type": "library",
            "extra": {
                "branch-alias": {
                    "dev-master": "1.0-dev",
                    "dev-develop": "1.1-dev"
                }
            },
            "autoload": {
                "psr-4": {
                    "Zend\\Diactoros\\": "src/"
                }
            },
            "notification-url": "https://packagist.org/downloads/",
            "license": [
                "BSD-2-Clause"
            ],
            "description": "PSR HTTP Message implementations",
            "homepage": "https://github.com/zendframework/zend-diactoros",
            "keywords": [
                "http",
                "psr",
                "psr-7"
            ],
            "time": "2015-10-16 15:24:05"
        }
    ],
    "packages-dev": [],
    "aliases": [],
    "minimum-stability": "stable",
    "stability-flags": [],
    "prefer-stable": false,
    "prefer-lowest": false,
    "platform": [],
    "platform-dev": []
}
